<?xml version="1.0" encoding="utf-8"?>
<Project ToolsVersion="17.0" xmlns="http://schemas.microsoft.com/developer/msbuild/2003">
  <ItemGroup>
    <ClCompile Include="E:\Jingwen\ArisenEngine\Engine\Arisen\3rdparty\tracy\public\TracyClient.cpp">
      <Filter>Source Files</Filter>
    </ClCompile>
  </ItemGroup>
  <ItemGroup>
    <CustomBuild Include="E:\Jingwen\ArisenEngine\Engine\Arisen\3rdparty\tracy\CMakeLists.txt" />
  </ItemGroup>
  <ItemGroup>
    <Filter Include="Source Files">
      <UniqueIdentifier>{2A74F79D-5013-3509-BE8D-DA6AA546C154}</UniqueIdentifier>
    </Filter>
  </ItemGroup>
</Project>
