<?xml version="1.0" encoding="utf-8"?>
<Project ToolsVersion="17.0" xmlns="http://schemas.microsoft.com/developer/msbuild/2003">
  <ItemGroup>
    <CustomBuild Include="E:\Jingwen\ArisenEngine\Engine\Arisen\3rdparty\tracy\projects\CMakeFiles\a4eb2b04a4e87167ad167e1177c6ca00\generate.stamp.rule">
      <Filter>CMake Rules</Filter>
    </CustomBuild>
  </ItemGroup>
  <ItemGroup>
    <Filter Include="CMake Rules">
      <UniqueIdentifier>{101206C1-7EF8-3226-9BB2-C8CFD4570AD1}</UniqueIdentifier>
    </Filter>
  </ItemGroup>
</Project>
